
Microsoft Visual Studio Solution File, Format Version 12.00
# Visual Studio Version 17
VisualStudioVersion = 17.0.31903.59
MinimumVisualStudioVersion = 10.0.40219.1
Project("{2150E333-8FDC-42A3-9474-1A3956D46DE8}") = "Domain", "Domain", "{B4FBD1F3-F6F8-4719-9BA7-E3773C267759}"
EndProject
Project("{2150E333-8FDC-42A3-9474-1A3956D46DE8}") = "Infra.Bus", "Infra.Bus", "{D67FD685-949F-4342-91EC-7CD4423796BC}"
EndProject
Project("{2150E333-8FDC-42A3-9474-1A3956D46DE8}") = "Infra.IoC", "Infra.IoC", "{6EF07B61-D36C-4DFB-AC56-06C26007CC9B}"
EndProject
Project("{2150E333-8FDC-42A3-9474-1A3956D46DE8}") = "Microservices", "Microservices", "{5CA6115B-E096-4FC2-87FC-4BD4E303574F}"
EndProject
Project("{9A19103F-16F7-4668-BE54-9A1E7A4F7556}") = "RMQMicroservice.Domain.Core", "RMQMicroservice.Domain.Core\RMQMicroservice.Domain.Core\RMQMicroservice.Domain.Core.csproj", "{FEEADE61-B0E5-49D6-B066-7519E0FA10F3}"
EndProject
Project("{9A19103F-16F7-4668-BE54-9A1E7A4F7556}") = "RMQMicroservice.Infra.Bus", "RMQMicroservice.Infra.Bus\RMQMicroservice.Infra.Bus\RMQMicroservice.Infra.Bus.csproj", "{B2586C0E-69C0-4680-8C2C-2C51E652B66E}"
EndProject
Project("{FAE04EC0-301F-11D3-BF4B-00C04F79EFBC}") = "RMQMicroservice.Infra.IOC", "RMQMicroservice.Infra.IOC\RMQMicroservice.Infra.IOC.csproj", "{AD455CF7-6A6F-4D73-98C0-C557717945DB}"
EndProject
Global
	GlobalSection(SolutionConfigurationPlatforms) = preSolution
		Debug|Any CPU = Debug|Any CPU
		Release|Any CPU = Release|Any CPU
	EndGlobalSection
	GlobalSection(ProjectConfigurationPlatforms) = postSolution
		{FEEADE61-B0E5-49D6-B066-7519E0FA10F3}.Debug|Any CPU.ActiveCfg = Debug|Any CPU
		{FEEADE61-B0E5-49D6-B066-7519E0FA10F3}.Debug|Any CPU.Build.0 = Debug|Any CPU
		{FEEADE61-B0E5-49D6-B066-7519E0FA10F3}.Release|Any CPU.ActiveCfg = Release|Any CPU
		{FEEADE61-B0E5-49D6-B066-7519E0FA10F3}.Release|Any CPU.Build.0 = Release|Any CPU
		{B2586C0E-69C0-4680-8C2C-2C51E652B66E}.Debug|Any CPU.ActiveCfg = Debug|Any CPU
		{B2586C0E-69C0-4680-8C2C-2C51E652B66E}.Debug|Any CPU.Build.0 = Debug|Any CPU
		{B2586C0E-69C0-4680-8C2C-2C51E652B66E}.Release|Any CPU.ActiveCfg = Release|Any CPU
		{B2586C0E-69C0-4680-8C2C-2C51E652B66E}.Release|Any CPU.Build.0 = Release|Any CPU
		{AD455CF7-6A6F-4D73-98C0-C557717945DB}.Debug|Any CPU.ActiveCfg = Debug|Any CPU
		{AD455CF7-6A6F-4D73-98C0-C557717945DB}.Debug|Any CPU.Build.0 = Debug|Any CPU
		{AD455CF7-6A6F-4D73-98C0-C557717945DB}.Release|Any CPU.ActiveCfg = Release|Any CPU
		{AD455CF7-6A6F-4D73-98C0-C557717945DB}.Release|Any CPU.Build.0 = Release|Any CPU
	EndGlobalSection
	GlobalSection(SolutionProperties) = preSolution
		HideSolutionNode = FALSE
	EndGlobalSection
	GlobalSection(NestedProjects) = preSolution
		{FEEADE61-B0E5-49D6-B066-7519E0FA10F3} = {B4FBD1F3-F6F8-4719-9BA7-E3773C267759}
		{B2586C0E-69C0-4680-8C2C-2C51E652B66E} = {D67FD685-949F-4342-91EC-7CD4423796BC}
		{AD455CF7-6A6F-4D73-98C0-C557717945DB} = {6EF07B61-D36C-4DFB-AC56-06C26007CC9B}
	EndGlobalSection
	GlobalSection(ExtensibilityGlobals) = postSolution
		SolutionGuid = {9A767F37-9AFD-464B-813C-F47C5C2EDE68}
	EndGlobalSection
EndGlobal
