
Microsoft Visual Studio Solution File, Format Version 12.00
# Visual Studio Version 17
VisualStudioVersion = 17.0.31903.59
MinimumVisualStudioVersion = 10.0.40219.1
Project("{2150E333-8FDC-42A3-9474-1A3956D46DE8}") = "Domain", "Domain", "{B4FBD1F3-F6F8-4719-9BA7-E3773C267759}"
EndProject
Project("{2150E333-8FDC-42A3-9474-1A3956D46DE8}") = "Infra.Bus", "Infra.Bus", "{D67FD685-949F-4342-91EC-7CD4423796BC}"
EndProject
Project("{2150E333-8FDC-42A3-9474-1A3956D46DE8}") = "Infra.IoC", "Infra.IoC", "{6EF07B61-D36C-4DFB-AC56-06C26007CC9B}"
EndProject
Project("{2150E333-8FDC-42A3-9474-1A3956D46DE8}") = "Microservices", "Microservices", "{5CA6115B-E096-4FC2-87FC-4BD4E303574F}"
EndProject
Project("{9A19103F-16F7-4668-BE54-9A1E7A4F7556}") = "RMQMicroservice.Domain.Core", "RMQMicroservice.Domain.Core\RMQMicroservice.Domain.Core\RMQMicroservice.Domain.Core.csproj", "{FEEADE61-B0E5-49D6-B066-7519E0FA10F3}"
EndProject
Project("{9A19103F-16F7-4668-BE54-9A1E7A4F7556}") = "RMQMicroservice.Infra.Bus", "RMQMicroservice.Infra.Bus\RMQMicroservice.Infra.Bus\RMQMicroservice.Infra.Bus.csproj", "{B2586C0E-69C0-4680-8C2C-2C51E652B66E}"
EndProject
Project("{FAE04EC0-301F-11D3-BF4B-00C04F79EFBC}") = "RMQMicroservice.Infra.IOC", "RMQMicroservice.Infra.IOC\RMQMicroservice.Infra.IOC.csproj", "{AD455CF7-6A6F-4D73-98C0-C557717945DB}"
EndProject
Project("{2150E333-8FDC-42A3-9474-1A3956D46DE8}") = "Banking", "Banking", "{AF43E97D-E667-4B97-90BF-897604A41DED}"
EndProject
Project("{2150E333-8FDC-42A3-9474-1A3956D46DE8}") = "API", "API", "{96042F55-C1F0-4A2B-9553-D2A15FCE5B13}"
EndProject
Project("{2150E333-8FDC-42A3-9474-1A3956D46DE8}") = "Application", "Application", "{DD2E56A4-4C74-482C-BC30-BA76F5AF907E}"
EndProject
Project("{2150E333-8FDC-42A3-9474-1A3956D46DE8}") = "Data", "Data", "{E316135B-F847-460D-BBE8-23269C0D1259}"
EndProject
Project("{2150E333-8FDC-42A3-9474-1A3956D46DE8}") = "Domain", "Domain", "{F7040EC6-19BF-4D72-A61D-DDC33F9FB459}"
EndProject
Project("{FAE04EC0-301F-11D3-BF4B-00C04F79EFBC}") = "RMQMicroservices.Banking.API", "RMQMicroservices.Banking.API\RMQMicroservices.Banking.API.csproj", "{A90C31CB-2A68-49AB-9561-12252D74245B}"
EndProject
Project("{FAE04EC0-301F-11D3-BF4B-00C04F79EFBC}") = "RMQMMicroservices.Banking.Application", "RMQMMicroservices.Banking.Application\RMQMMicroservices.Banking.Application.csproj", "{2DCEC21D-447E-46D7-94D4-CADD00563A87}"
EndProject
Project("{FAE04EC0-301F-11D3-BF4B-00C04F79EFBC}") = "RMQMicrosrevices.Banking.Data", "RMQMicrosrevices.Banking.Data\RMQMicrosrevices.Banking.Data.csproj", "{F895D525-39CD-4B63-9B6D-F991263AF1A7}"
EndProject
Project("{FAE04EC0-301F-11D3-BF4B-00C04F79EFBC}") = "RMQMicrosrevices.Banking.Domain", "RMQMicrosrevices.Banking.Domain\RMQMicrosrevices.Banking.Domain.csproj", "{2E7480E8-A11B-4C62-96B6-DA6B896727E7}"
EndProject
Global
	GlobalSection(SolutionConfigurationPlatforms) = preSolution
		Debug|Any CPU = Debug|Any CPU
		Release|Any CPU = Release|Any CPU
	EndGlobalSection
	GlobalSection(ProjectConfigurationPlatforms) = postSolution
		{FEEADE61-B0E5-49D6-B066-7519E0FA10F3}.Debug|Any CPU.ActiveCfg = Debug|Any CPU
		{FEEADE61-B0E5-49D6-B066-7519E0FA10F3}.Debug|Any CPU.Build.0 = Debug|Any CPU
		{FEEADE61-B0E5-49D6-B066-7519E0FA10F3}.Release|Any CPU.ActiveCfg = Release|Any CPU
		{FEEADE61-B0E5-49D6-B066-7519E0FA10F3}.Release|Any CPU.Build.0 = Release|Any CPU
		{B2586C0E-69C0-4680-8C2C-2C51E652B66E}.Debug|Any CPU.ActiveCfg = Debug|Any CPU
		{B2586C0E-69C0-4680-8C2C-2C51E652B66E}.Debug|Any CPU.Build.0 = Debug|Any CPU
		{B2586C0E-69C0-4680-8C2C-2C51E652B66E}.Release|Any CPU.ActiveCfg = Release|Any CPU
		{B2586C0E-69C0-4680-8C2C-2C51E652B66E}.Release|Any CPU.Build.0 = Release|Any CPU
		{AD455CF7-6A6F-4D73-98C0-C557717945DB}.Debug|Any CPU.ActiveCfg = Debug|Any CPU
		{AD455CF7-6A6F-4D73-98C0-C557717945DB}.Debug|Any CPU.Build.0 = Debug|Any CPU
		{AD455CF7-6A6F-4D73-98C0-C557717945DB}.Release|Any CPU.ActiveCfg = Release|Any CPU
		{AD455CF7-6A6F-4D73-98C0-C557717945DB}.Release|Any CPU.Build.0 = Release|Any CPU
		{A90C31CB-2A68-49AB-9561-12252D74245B}.Debug|Any CPU.ActiveCfg = Debug|Any CPU
		{A90C31CB-2A68-49AB-9561-12252D74245B}.Debug|Any CPU.Build.0 = Debug|Any CPU
		{A90C31CB-2A68-49AB-9561-12252D74245B}.Release|Any CPU.ActiveCfg = Release|Any CPU
		{A90C31CB-2A68-49AB-9561-12252D74245B}.Release|Any CPU.Build.0 = Release|Any CPU
		{2DCEC21D-447E-46D7-94D4-CADD00563A87}.Debug|Any CPU.ActiveCfg = Debug|Any CPU
		{2DCEC21D-447E-46D7-94D4-CADD00563A87}.Debug|Any CPU.Build.0 = Debug|Any CPU
		{2DCEC21D-447E-46D7-94D4-CADD00563A87}.Release|Any CPU.ActiveCfg = Release|Any CPU
		{2DCEC21D-447E-46D7-94D4-CADD00563A87}.Release|Any CPU.Build.0 = Release|Any CPU
		{F895D525-39CD-4B63-9B6D-F991263AF1A7}.Debug|Any CPU.ActiveCfg = Debug|Any CPU
		{F895D525-39CD-4B63-9B6D-F991263AF1A7}.Debug|Any CPU.Build.0 = Debug|Any CPU
		{F895D525-39CD-4B63-9B6D-F991263AF1A7}.Release|Any CPU.ActiveCfg = Release|Any CPU
		{F895D525-39CD-4B63-9B6D-F991263AF1A7}.Release|Any CPU.Build.0 = Release|Any CPU
		{2E7480E8-A11B-4C62-96B6-DA6B896727E7}.Debug|Any CPU.ActiveCfg = Debug|Any CPU
		{2E7480E8-A11B-4C62-96B6-DA6B896727E7}.Debug|Any CPU.Build.0 = Debug|Any CPU
		{2E7480E8-A11B-4C62-96B6-DA6B896727E7}.Release|Any CPU.ActiveCfg = Release|Any CPU
		{2E7480E8-A11B-4C62-96B6-DA6B896727E7}.Release|Any CPU.Build.0 = Release|Any CPU
	EndGlobalSection
	GlobalSection(SolutionProperties) = preSolution
		HideSolutionNode = FALSE
	EndGlobalSection
	GlobalSection(NestedProjects) = preSolution
		{FEEADE61-B0E5-49D6-B066-7519E0FA10F3} = {B4FBD1F3-F6F8-4719-9BA7-E3773C267759}
		{B2586C0E-69C0-4680-8C2C-2C51E652B66E} = {D67FD685-949F-4342-91EC-7CD4423796BC}
		{AD455CF7-6A6F-4D73-98C0-C557717945DB} = {6EF07B61-D36C-4DFB-AC56-06C26007CC9B}
		{AF43E97D-E667-4B97-90BF-897604A41DED} = {5CA6115B-E096-4FC2-87FC-4BD4E303574F}
		{96042F55-C1F0-4A2B-9553-D2A15FCE5B13} = {AF43E97D-E667-4B97-90BF-897604A41DED}
		{DD2E56A4-4C74-482C-BC30-BA76F5AF907E} = {AF43E97D-E667-4B97-90BF-897604A41DED}
		{E316135B-F847-460D-BBE8-23269C0D1259} = {AF43E97D-E667-4B97-90BF-897604A41DED}
		{F7040EC6-19BF-4D72-A61D-DDC33F9FB459} = {AF43E97D-E667-4B97-90BF-897604A41DED}
		{A90C31CB-2A68-49AB-9561-12252D74245B} = {96042F55-C1F0-4A2B-9553-D2A15FCE5B13}
		{2DCEC21D-447E-46D7-94D4-CADD00563A87} = {DD2E56A4-4C74-482C-BC30-BA76F5AF907E}
		{F895D525-39CD-4B63-9B6D-F991263AF1A7} = {E316135B-F847-460D-BBE8-23269C0D1259}
		{2E7480E8-A11B-4C62-96B6-DA6B896727E7} = {F7040EC6-19BF-4D72-A61D-DDC33F9FB459}
	EndGlobalSection
	GlobalSection(ExtensibilityGlobals) = postSolution
		SolutionGuid = {9A767F37-9AFD-464B-813C-F47C5C2EDE68}
	EndGlobalSection
EndGlobal
